
Microsoft Visual Studio Solution File, Format Version 12.00
# Visual Studio 14
VisualStudioVersion = 14.0.24720.0
MinimumVisualStudioVersion = 10.0.40219.1
Project("{FAE04EC0-301F-11D3-BF4B-00C04F79EFBC}") = "NinjaDomain.Classes", "NinjaDomain.Classes\NinjaDomain.Classes.csproj", "{95021D7A-D883-44C2-8CB7-D7D7052818EB}"
EndProject
Project("{FAE04EC0-301F-11D3-BF4B-00C04F79EFBC}") = "NinjaDomain.DataModel", "NinjaDomain.DataModel\NinjaDomain.DataModel.csproj", "{290FF3D2-02C9-4E42-8F54-ACF9A8A462AF}"
EndProject
Global
	GlobalSection(SolutionConfigurationPlatforms) = preSolution
		Debug|Any CPU = Debug|Any CPU
		Release|Any CPU = Release|Any CPU
	EndGlobalSection
	GlobalSection(ProjectConfigurationPlatforms) = postSolution
		{95021D7A-D883-44C2-8CB7-D7D7052818EB}.Debug|Any CPU.ActiveCfg = Debug|Any CPU
		{95021D7A-D883-44C2-8CB7-D7D7052818EB}.Debug|Any CPU.Build.0 = Debug|Any CPU
		{95021D7A-D883-44C2-8CB7-D7D7052818EB}.Release|Any CPU.ActiveCfg = Release|Any CPU
		{95021D7A-D883-44C2-8CB7-D7D7052818EB}.Release|Any CPU.Build.0 = Release|Any CPU
		{290FF3D2-02C9-4E42-8F54-ACF9A8A462AF}.Debug|Any CPU.ActiveCfg = Debug|Any CPU
		{290FF3D2-02C9-4E42-8F54-ACF9A8A462AF}.Debug|Any CPU.Build.0 = Debug|Any CPU
		{290FF3D2-02C9-4E42-8F54-ACF9A8A462AF}.Release|Any CPU.ActiveCfg = Release|Any CPU
		{290FF3D2-02C9-4E42-8F54-ACF9A8A462AF}.Release|Any CPU.Build.0 = Release|Any CPU
	EndGlobalSection
	GlobalSection(SolutionProperties) = preSolution
		HideSolutionNode = FALSE
	EndGlobalSection
EndGlobal
